
Microsoft Visual Studio Solution File, Format Version 12.00
# Visual Studio 15
VisualStudioVersion = 15.0.26124.0
MinimumVisualStudioVersion = 15.0.26124.0
Project("{FAE04EC0-301F-11D3-BF4B-00C04F79EFBC}") = "UserAuthentication.DAL", "UserAuthentication.DAL\UserAuthentication.DAL.csproj", "{16893FBC-9314-4060-91EF-F90F07DB5DF5}"
EndProject
Project("{FAE04EC0-301F-11D3-BF4B-00C04F79EFBC}") = "UserAuthentication.BLL", "UserAuthentication.BLL\UserAuthentication.BLL.csproj", "{71D9EBFB-AA0C-4078-B724-40C68BC9AA22}"
EndProject
Project("{FAE04EC0-301F-11D3-BF4B-00C04F79EFBC}") = "UserAuthentication.WEB", "UserAuthentication.WEB\UserAuthentication.WEB.csproj", "{1FE2DBFB-FE53-4AAE-A855-1AF927354195}"
EndProject
Global
	GlobalSection(SolutionConfigurationPlatforms) = preSolution
		Debug|Any CPU = Debug|Any CPU
		Debug|x64 = Debug|x64
		Debug|x86 = Debug|x86
		Release|Any CPU = Release|Any CPU
		Release|x64 = Release|x64
		Release|x86 = Release|x86
	EndGlobalSection
	GlobalSection(SolutionProperties) = preSolution
		HideSolutionNode = FALSE
	EndGlobalSection
	GlobalSection(ProjectConfigurationPlatforms) = postSolution
		{16893FBC-9314-4060-91EF-F90F07DB5DF5}.Debug|Any CPU.ActiveCfg = Debug|Any CPU
		{16893FBC-9314-4060-91EF-F90F07DB5DF5}.Debug|Any CPU.Build.0 = Debug|Any CPU
		{16893FBC-9314-4060-91EF-F90F07DB5DF5}.Debug|x64.ActiveCfg = Debug|Any CPU
		{16893FBC-9314-4060-91EF-F90F07DB5DF5}.Debug|x64.Build.0 = Debug|Any CPU
		{16893FBC-9314-4060-91EF-F90F07DB5DF5}.Debug|x86.ActiveCfg = Debug|Any CPU
		{16893FBC-9314-4060-91EF-F90F07DB5DF5}.Debug|x86.Build.0 = Debug|Any CPU
		{16893FBC-9314-4060-91EF-F90F07DB5DF5}.Release|Any CPU.ActiveCfg = Release|Any CPU
		{16893FBC-9314-4060-91EF-F90F07DB5DF5}.Release|Any CPU.Build.0 = Release|Any CPU
		{16893FBC-9314-4060-91EF-F90F07DB5DF5}.Release|x64.ActiveCfg = Release|Any CPU
		{16893FBC-9314-4060-91EF-F90F07DB5DF5}.Release|x64.Build.0 = Release|Any CPU
		{16893FBC-9314-4060-91EF-F90F07DB5DF5}.Release|x86.ActiveCfg = Release|Any CPU
		{16893FBC-9314-4060-91EF-F90F07DB5DF5}.Release|x86.Build.0 = Release|Any CPU
		{71D9EBFB-AA0C-4078-B724-40C68BC9AA22}.Debug|Any CPU.ActiveCfg = Debug|Any CPU
		{71D9EBFB-AA0C-4078-B724-40C68BC9AA22}.Debug|Any CPU.Build.0 = Debug|Any CPU
		{71D9EBFB-AA0C-4078-B724-40C68BC9AA22}.Debug|x64.ActiveCfg = Debug|Any CPU
		{71D9EBFB-AA0C-4078-B724-40C68BC9AA22}.Debug|x64.Build.0 = Debug|Any CPU
		{71D9EBFB-AA0C-4078-B724-40C68BC9AA22}.Debug|x86.ActiveCfg = Debug|Any CPU
		{71D9EBFB-AA0C-4078-B724-40C68BC9AA22}.Debug|x86.Build.0 = Debug|Any CPU
		{71D9EBFB-AA0C-4078-B724-40C68BC9AA22}.Release|Any CPU.ActiveCfg = Release|Any CPU
		{71D9EBFB-AA0C-4078-B724-40C68BC9AA22}.Release|Any CPU.Build.0 = Release|Any CPU
		{71D9EBFB-AA0C-4078-B724-40C68BC9AA22}.Release|x64.ActiveCfg = Release|Any CPU
		{71D9EBFB-AA0C-4078-B724-40C68BC9AA22}.Release|x64.Build.0 = Release|Any CPU
		{71D9EBFB-AA0C-4078-B724-40C68BC9AA22}.Release|x86.ActiveCfg = Release|Any CPU
		{71D9EBFB-AA0C-4078-B724-40C68BC9AA22}.Release|x86.Build.0 = Release|Any CPU
		{1FE2DBFB-FE53-4AAE-A855-1AF927354195}.Debug|Any CPU.ActiveCfg = Debug|Any CPU
		{1FE2DBFB-FE53-4AAE-A855-1AF927354195}.Debug|Any CPU.Build.0 = Debug|Any CPU
		{1FE2DBFB-FE53-4AAE-A855-1AF927354195}.Debug|x64.ActiveCfg = Debug|Any CPU
		{1FE2DBFB-FE53-4AAE-A855-1AF927354195}.Debug|x64.Build.0 = Debug|Any CPU
		{1FE2DBFB-FE53-4AAE-A855-1AF927354195}.Debug|x86.ActiveCfg = Debug|Any CPU
		{1FE2DBFB-FE53-4AAE-A855-1AF927354195}.Debug|x86.Build.0 = Debug|Any CPU
		{1FE2DBFB-FE53-4AAE-A855-1AF927354195}.Release|Any CPU.ActiveCfg = Release|Any CPU
		{1FE2DBFB-FE53-4AAE-A855-1AF927354195}.Release|Any CPU.Build.0 = Release|Any CPU
		{1FE2DBFB-FE53-4AAE-A855-1AF927354195}.Release|x64.ActiveCfg = Release|Any CPU
		{1FE2DBFB-FE53-4AAE-A855-1AF927354195}.Release|x64.Build.0 = Release|Any CPU
		{1FE2DBFB-FE53-4AAE-A855-1AF927354195}.Release|x86.ActiveCfg = Release|Any CPU
		{1FE2DBFB-FE53-4AAE-A855-1AF927354195}.Release|x86.Build.0 = Release|Any CPU
	EndGlobalSection
EndGlobal
